// !$*UTF8*$!
{
	archiveVersion = 1;
	classes = {
	};
	objectVersion = 48;
	objects = {

/* Begin PBXBuildFile section */
		7A8ABF340FD8306A06AED188 /* Pods_BrowserCore.framework in Frameworks */ = {isa = PBXBuildFile; fileRef = 0E0FF73EECB19908560E1A42 /* Pods_BrowserCore.framework */; };
		AF00F21020064F0B001C070D /* CIToolBar.swift in Sources */ = {isa = PBXBuildFile; fileRef = AF00F20F20064F0B001C070D /* CIToolBar.swift */; };
		AF0A3F3D2003A16D005D6321 /* WebViewBackForwardList.swift in Sources */ = {isa = PBXBuildFile; fileRef = AF0A3F3C2003A16D005D6321 /* WebViewBackForwardList.swift */; };
		AF21C06B205A7E3900CE43DF /* converted_rules.json in Resources */ = {isa = PBXBuildFile; fileRef = AF21C06A205A7E3800CE43DF /* converted_rules.json */; };
		AF21C06D205A7F1900CE43DF /* data.json in Resources */ = {isa = PBXBuildFile; fileRef = AF21C06C205A7F1900CE43DF /* data.json */; };
		AF21C06F205A80C200CE43DF /* filter1_1.json in Resources */ = {isa = PBXBuildFile; fileRef = AF21C06E205A80C200CE43DF /* filter1_1.json */; };
		AF37010D2017837900798D69 /* TabManager.swift in Sources */ = {isa = PBXBuildFile; fileRef = AF37010C2017837900798D69 /* TabManager.swift */; };
		AF3B5C4B201A135400EF37EA /* BubbleRightCell.swift in Sources */ = {isa = PBXBuildFile; fileRef = AF3B5C48201A135300EF37EA /* BubbleRightCell.swift */; };
		AF3B5C4C201A135400EF37EA /* BubbleLeftCell.swift in Sources */ = {isa = PBXBuildFile; fileRef = AF3B5C49201A135400EF37EA /* BubbleLeftCell.swift */; };
		AF3B5C4D201A135400EF37EA /* BubbleTableView.swift in Sources */ = {isa = PBXBuildFile; fileRef = AF3B5C4A201A135400EF37EA /* BubbleTableView.swift */; };
		AF3B5C54201A254C00EF37EA /* URIFixup.swift in Sources */ = {isa = PBXBuildFile; fileRef = AF3B5C53201A254C00EF37EA /* URIFixup.swift */; };
		AF3DC4852032E95600F54C3C /* Antitracking.swift in Sources */ = {isa = PBXBuildFile; fileRef = AF3DC4842032E95600F54C3C /* Antitracking.swift */; };
		AF4D8DD4200F612000A6D40B /* CustomWKWebView.swift in Sources */ = {isa = PBXBuildFile; fileRef = AF4D8DD3200F612000A6D40B /* CustomWKWebView.swift */; };
		AF4D8DD7200F89E300A6D40B /* WebViewHistory.swift in Sources */ = {isa = PBXBuildFile; fileRef = AF4D8DD6200F89E300A6D40B /* WebViewHistory.swift */; };
		AF89862C1FFF795200B372E0 /* AppDelegate.swift in Sources */ = {isa = PBXBuildFile; fileRef = AF89862B1FFF795200B372E0 /* AppDelegate.swift */; };
		AF89862E1FFF795200B372E0 /* ViewController.swift in Sources */ = {isa = PBXBuildFile; fileRef = AF89862D1FFF795200B372E0 /* ViewController.swift */; };
		AF8986311FFF795200B372E0 /* Main.storyboard in Resources */ = {isa = PBXBuildFile; fileRef = AF89862F1FFF795200B372E0 /* Main.storyboard */; };
		AF8986331FFF795200B372E0 /* Assets.xcassets in Resources */ = {isa = PBXBuildFile; fileRef = AF8986321FFF795200B372E0 /* Assets.xcassets */; };
		AF8986361FFF795200B372E0 /* LaunchScreen.storyboard in Resources */ = {isa = PBXBuildFile; fileRef = AF8986341FFF795200B372E0 /* LaunchScreen.storyboard */; };
		AF89863E1FFF7A5900B372E0 /* WebView.swift in Sources */ = {isa = PBXBuildFile; fileRef = AF89863D1FFF7A5900B372E0 /* WebView.swift */; };
		AF8986401FFF7ED500B372E0 /* URLBar.swift in Sources */ = {isa = PBXBuildFile; fileRef = AF89863F1FFF7ED500B372E0 /* URLBar.swift */; };
		AF8986421FFF7F5400B372E0 /* StateAnimator.swift in Sources */ = {isa = PBXBuildFile; fileRef = AF8986411FFF7F5400B372E0 /* StateAnimator.swift */; };
		AFA476CD203C564500EBFBD3 /* Test.m in Sources */ = {isa = PBXBuildFile; fileRef = AFA476CC203C564500EBFBD3 /* Test.m */; };
		AFA47D7520188BC2004BB9DB /* WebViewContainer.swift in Sources */ = {isa = PBXBuildFile; fileRef = AFA47D7420188BC2004BB9DB /* WebViewContainer.swift */; };
		AFA47D7B20189EA4004BB9DB /* TabOverview.swift in Sources */ = {isa = PBXBuildFile; fileRef = AFA47D7A20189EA4004BB9DB /* TabOverview.swift */; };
		AFA47D7D2018A0BF004BB9DB /* Info.plist in Resources */ = {isa = PBXBuildFile; fileRef = AFA47D7C2018A0BF004BB9DB /* Info.plist */; };
		AFB456BF205FBF8700449D36 /* ghostery_content_blocker_split.json in Resources */ = {isa = PBXBuildFile; fileRef = AFB456BE205FBF8700449D36 /* ghostery_content_blocker_split.json */; };
		AFB456C1205FCC2000449D36 /* TrackersController.swift in Sources */ = {isa = PBXBuildFile; fileRef = AFB456C0205FCC2000449D36 /* TrackersController.swift */; };
		AFB456C3205FE82D00449D36 /* URLInterceptor.swift in Sources */ = {isa = PBXBuildFile; fileRef = AFB456C2205FE82D00449D36 /* URLInterceptor.swift */; };
		AFB456C5205FE87B00449D36 /* GhosteryBlockListHelper.swift in Sources */ = {isa = PBXBuildFile; fileRef = AFB456C4205FE87B00449D36 /* GhosteryBlockListHelper.swift */; };
		AFB456C7205FE8A800449D36 /* ContentBlockerHelper.swift in Sources */ = {isa = PBXBuildFile; fileRef = AFB456C6205FE8A800449D36 /* ContentBlockerHelper.swift */; };
		AFB456C9205FEE0F00449D36 /* UserPreferences.swift in Sources */ = {isa = PBXBuildFile; fileRef = AFB456C8205FEE0F00449D36 /* UserPreferences.swift */; };
		AFB456CB205FF41400449D36 /* TrackerStore.swift in Sources */ = {isa = PBXBuildFile; fileRef = AFB456CA205FF41400449D36 /* TrackerStore.swift */; };
		AFB65FF9200CAD4C00D40ABB /* GeneralHistoryModule.swift in Sources */ = {isa = PBXBuildFile; fileRef = AFB65FF8200CAD4C00D40ABB /* GeneralHistoryModule.swift */; };
		AFB65FFB200CAEA900D40ABB /* RealmStore.swift in Sources */ = {isa = PBXBuildFile; fileRef = AFB65FFA200CAEA900D40ABB /* RealmStore.swift */; };
		AFB65FFD200CBDC000D40ABB /* HistoryController.swift in Sources */ = {isa = PBXBuildFile; fileRef = AFB65FFC200CBDC000D40ABB /* HistoryController.swift */; };
		AFD55572203DB1BC00292136 /* preload.js in Resources */ = {isa = PBXBuildFile; fileRef = AFD55570203DB1BC00292136 /* preload.js */; };
		AFD55573203DB1BC00292136 /* postload.js in Resources */ = {isa = PBXBuildFile; fileRef = AFD55571203DB1BC00292136 /* postload.js */; };
		AFD55583203DC75600292136 /* PageTrackersFound.swift in Sources */ = {isa = PBXBuildFile; fileRef = AFD5557A203DC75500292136 /* PageTrackersFound.swift */; };
		AFD55584203DC75600292136 /* TrackerListRegex.swift in Sources */ = {isa = PBXBuildFile; fileRef = AFD5557B203DC75500292136 /* TrackerListRegex.swift */; };
		AFD55585203DC75600292136 /* TrieNode.swift in Sources */ = {isa = PBXBuildFile; fileRef = AFD5557C203DC75500292136 /* TrieNode.swift */; };
		AFD55586203DC75600292136 /* TrackerList.swift in Sources */ = {isa = PBXBuildFile; fileRef = AFD5557D203DC75500292136 /* TrackerList.swift */; };
		AFD55587203DC75600292136 /* TrackerListApp.swift in Sources */ = {isa = PBXBuildFile; fileRef = AFD5557E203DC75500292136 /* TrackerListApp.swift */; };
		AFD55588203DC75600292136 /* TrackerListBug.swift in Sources */ = {isa = PBXBuildFile; fileRef = AFD5557F203DC75600292136 /* TrackerListBug.swift */; };
		AFD55589203DC75600292136 /* TrackerListHostPaths.swift in Sources */ = {isa = PBXBuildFile; fileRef = AFD55580203DC75600292136 /* TrackerListHostPaths.swift */; };
		AFD5558A203DC75600292136 /* TrackerListHosts.swift in Sources */ = {isa = PBXBuildFile; fileRef = AFD55581203DC75600292136 /* TrackerListHosts.swift */; };
		AFD5558B203DC75600292136 /* TrackerListPath.swift in Sources */ = {isa = PBXBuildFile; fileRef = AFD55582203DC75600292136 /* TrackerListPath.swift */; };
		AFD5559120406D1800292136 /* DomainBlacklist.swift in Sources */ = {isa = PBXBuildFile; fileRef = AFD5559020406D1800292136 /* DomainBlacklist.swift */; };
		AFF248A9203C25EE0008BFAF /* script.js in Resources */ = {isa = PBXBuildFile; fileRef = AFF248A0203C25EE0008BFAF /* script.js */; };
		AFF248AB203C28860008BFAF /* ghostery_content_blocker.json in Resources */ = {isa = PBXBuildFile; fileRef = AFF248AA203C28860008BFAF /* ghostery_content_blocker.json */; };
/* End PBXBuildFile section */

/* Begin PBXFileReference section */
		0E0FF73EECB19908560E1A42 /* Pods_BrowserCore.framework */ = {isa = PBXFileReference; explicitFileType = wrapper.framework; includeInIndex = 0; path = Pods_BrowserCore.framework; sourceTree = BUILT_PRODUCTS_DIR; };
		2DE80264CC9DEE5838052046 /* Pods-BrowserCore.debug.xcconfig */ = {isa = PBXFileReference; includeInIndex = 1; lastKnownFileType = text.xcconfig; name = "Pods-BrowserCore.debug.xcconfig"; path = "Pods/Target Support Files/Pods-BrowserCore/Pods-BrowserCore.debug.xcconfig"; sourceTree = "<group>"; };
		AF00F20F20064F0B001C070D /* CIToolBar.swift */ = {isa = PBXFileReference; lastKnownFileType = sourcecode.swift; path = CIToolBar.swift; sourceTree = "<group>"; };
		AF0A3F3C2003A16D005D6321 /* WebViewBackForwardList.swift */ = {isa = PBXFileReference; lastKnownFileType = sourcecode.swift; path = WebViewBackForwardList.swift; sourceTree = "<group>"; };
		AF21C06A205A7E3800CE43DF /* converted_rules.json */ = {isa = PBXFileReference; fileEncoding = 4; lastKnownFileType = text.json; name = converted_rules.json; path = BrowserCore/AdBlocker/converted_rules.json; sourceTree = SOURCE_ROOT; };
		AF21C06C205A7F1900CE43DF /* data.json */ = {isa = PBXFileReference; fileEncoding = 4; lastKnownFileType = text.json; name = data.json; path = BrowserCore/AdBlocker/data.json; sourceTree = SOURCE_ROOT; };
		AF21C06E205A80C200CE43DF /* filter1_1.json */ = {isa = PBXFileReference; fileEncoding = 4; lastKnownFileType = text.json; name = filter1_1.json; path = BrowserCore/AdBlocker/filter1_1.json; sourceTree = SOURCE_ROOT; };
		AF37010C2017837900798D69 /* TabManager.swift */ = {isa = PBXFileReference; lastKnownFileType = sourcecode.swift; path = TabManager.swift; sourceTree = "<group>"; };
		AF3B5C48201A135300EF37EA /* BubbleRightCell.swift */ = {isa = PBXFileReference; fileEncoding = 4; lastKnownFileType = sourcecode.swift; path = BubbleRightCell.swift; sourceTree = "<group>"; };
		AF3B5C49201A135400EF37EA /* BubbleLeftCell.swift */ = {isa = PBXFileReference; fileEncoding = 4; lastKnownFileType = sourcecode.swift; path = BubbleLeftCell.swift; sourceTree = "<group>"; };
		AF3B5C4A201A135400EF37EA /* BubbleTableView.swift */ = {isa = PBXFileReference; fileEncoding = 4; lastKnownFileType = sourcecode.swift; path = BubbleTableView.swift; sourceTree = "<group>"; };
		AF3B5C53201A254C00EF37EA /* URIFixup.swift */ = {isa = PBXFileReference; lastKnownFileType = sourcecode.swift; path = URIFixup.swift; sourceTree = "<group>"; };
		AF3DC4842032E95600F54C3C /* Antitracking.swift */ = {isa = PBXFileReference; lastKnownFileType = sourcecode.swift; path = Antitracking.swift; sourceTree = "<group>"; };
		AF4D8DD3200F612000A6D40B /* CustomWKWebView.swift */ = {isa = PBXFileReference; lastKnownFileType = sourcecode.swift; path = CustomWKWebView.swift; sourceTree = "<group>"; };
		AF4D8DD6200F89E300A6D40B /* WebViewHistory.swift */ = {isa = PBXFileReference; lastKnownFileType = sourcecode.swift; path = WebViewHistory.swift; sourceTree = "<group>"; };
		AF8986281FFF795200B372E0 /* BrowserCore.app */ = {isa = PBXFileReference; explicitFileType = wrapper.application; includeInIndex = 0; path = BrowserCore.app; sourceTree = BUILT_PRODUCTS_DIR; };
		AF89862B1FFF795200B372E0 /* AppDelegate.swift */ = {isa = PBXFileReference; lastKnownFileType = sourcecode.swift; path = AppDelegate.swift; sourceTree = "<group>"; };
		AF89862D1FFF795200B372E0 /* ViewController.swift */ = {isa = PBXFileReference; lastKnownFileType = sourcecode.swift; path = ViewController.swift; sourceTree = "<group>"; };
		AF8986301FFF795200B372E0 /* Base */ = {isa = PBXFileReference; lastKnownFileType = file.storyboard; name = Base; path = Base.lproj/Main.storyboard; sourceTree = "<group>"; };
		AF8986321FFF795200B372E0 /* Assets.xcassets */ = {isa = PBXFileReference; lastKnownFileType = folder.assetcatalog; path = Assets.xcassets; sourceTree = "<group>"; };
		AF8986351FFF795200B372E0 /* Base */ = {isa = PBXFileReference; lastKnownFileType = file.storyboard; name = Base; path = Base.lproj/LaunchScreen.storyboard; sourceTree = "<group>"; };
		AF89863D1FFF7A5900B372E0 /* WebView.swift */ = {isa = PBXFileReference; lastKnownFileType = sourcecode.swift; path = WebView.swift; sourceTree = "<group>"; };
		AF89863F1FFF7ED500B372E0 /* URLBar.swift */ = {isa = PBXFileReference; lastKnownFileType = sourcecode.swift; path = URLBar.swift; sourceTree = "<group>"; };
		AF8986411FFF7F5400B372E0 /* StateAnimator.swift */ = {isa = PBXFileReference; lastKnownFileType = sourcecode.swift; path = StateAnimator.swift; sourceTree = "<group>"; };
		AFA476CB203C564500EBFBD3 /* BrowserCore-Bridging-Header.h */ = {isa = PBXFileReference; lastKnownFileType = sourcecode.c.h; path = "BrowserCore-Bridging-Header.h"; sourceTree = "<group>"; };
		AFA476CC203C564500EBFBD3 /* Test.m */ = {isa = PBXFileReference; lastKnownFileType = sourcecode.c.objc; path = Test.m; sourceTree = "<group>"; };
		AFA47D7420188BC2004BB9DB /* WebViewContainer.swift */ = {isa = PBXFileReference; lastKnownFileType = sourcecode.swift; path = WebViewContainer.swift; sourceTree = "<group>"; };
		AFA47D7A20189EA4004BB9DB /* TabOverview.swift */ = {isa = PBXFileReference; lastKnownFileType = sourcecode.swift; path = TabOverview.swift; sourceTree = "<group>"; };
		AFA47D7C2018A0BF004BB9DB /* Info.plist */ = {isa = PBXFileReference; fileEncoding = 4; lastKnownFileType = text.plist.xml; path = Info.plist; sourceTree = "<group>"; };
		AFB456BE205FBF8700449D36 /* ghostery_content_blocker_split.json */ = {isa = PBXFileReference; fileEncoding = 4; lastKnownFileType = text.json; path = ghostery_content_blocker_split.json; sourceTree = "<group>"; };
		AFB456C0205FCC2000449D36 /* TrackersController.swift */ = {isa = PBXFileReference; lastKnownFileType = sourcecode.swift; path = TrackersController.swift; sourceTree = "<group>"; };
		AFB456C2205FE82D00449D36 /* URLInterceptor.swift */ = {isa = PBXFileReference; lastKnownFileType = sourcecode.swift; path = URLInterceptor.swift; sourceTree = "<group>"; };
		AFB456C4205FE87B00449D36 /* GhosteryBlockListHelper.swift */ = {isa = PBXFileReference; lastKnownFileType = sourcecode.swift; path = GhosteryBlockListHelper.swift; sourceTree = "<group>"; };
		AFB456C6205FE8A800449D36 /* ContentBlockerHelper.swift */ = {isa = PBXFileReference; lastKnownFileType = sourcecode.swift; path = ContentBlockerHelper.swift; sourceTree = "<group>"; };
		AFB456C8205FEE0F00449D36 /* UserPreferences.swift */ = {isa = PBXFileReference; lastKnownFileType = sourcecode.swift; path = UserPreferences.swift; sourceTree = "<group>"; };
		AFB456CA205FF41400449D36 /* TrackerStore.swift */ = {isa = PBXFileReference; lastKnownFileType = sourcecode.swift; path = TrackerStore.swift; sourceTree = "<group>"; };
		AFB65FF8200CAD4C00D40ABB /* GeneralHistoryModule.swift */ = {isa = PBXFileReference; lastKnownFileType = sourcecode.swift; path = GeneralHistoryModule.swift; sourceTree = "<group>"; };
		AFB65FFA200CAEA900D40ABB /* RealmStore.swift */ = {isa = PBXFileReference; lastKnownFileType = sourcecode.swift; path = RealmStore.swift; sourceTree = "<group>"; };
		AFB65FFC200CBDC000D40ABB /* HistoryController.swift */ = {isa = PBXFileReference; lastKnownFileType = sourcecode.swift; path = HistoryController.swift; sourceTree = "<group>"; };
		AFD55570203DB1BC00292136 /* preload.js */ = {isa = PBXFileReference; fileEncoding = 4; lastKnownFileType = sourcecode.javascript; path = preload.js; sourceTree = "<group>"; };
		AFD55571203DB1BC00292136 /* postload.js */ = {isa = PBXFileReference; fileEncoding = 4; lastKnownFileType = sourcecode.javascript; path = postload.js; sourceTree = "<group>"; };
		AFD5557A203DC75500292136 /* PageTrackersFound.swift */ = {isa = PBXFileReference; fileEncoding = 4; lastKnownFileType = sourcecode.swift; path = PageTrackersFound.swift; sourceTree = "<group>"; };
		AFD5557B203DC75500292136 /* TrackerListRegex.swift */ = {isa = PBXFileReference; fileEncoding = 4; lastKnownFileType = sourcecode.swift; path = TrackerListRegex.swift; sourceTree = "<group>"; };
		AFD5557C203DC75500292136 /* TrieNode.swift */ = {isa = PBXFileReference; fileEncoding = 4; lastKnownFileType = sourcecode.swift; path = TrieNode.swift; sourceTree = "<group>"; };
		AFD5557D203DC75500292136 /* TrackerList.swift */ = {isa = PBXFileReference; fileEncoding = 4; lastKnownFileType = sourcecode.swift; path = TrackerList.swift; sourceTree = "<group>"; };
		AFD5557E203DC75500292136 /* TrackerListApp.swift */ = {isa = PBXFileReference; fileEncoding = 4; lastKnownFileType = sourcecode.swift; path = TrackerListApp.swift; sourceTree = "<group>"; };
		AFD5557F203DC75600292136 /* TrackerListBug.swift */ = {isa = PBXFileReference; fileEncoding = 4; lastKnownFileType = sourcecode.swift; path = TrackerListBug.swift; sourceTree = "<group>"; };
		AFD55580203DC75600292136 /* TrackerListHostPaths.swift */ = {isa = PBXFileReference; fileEncoding = 4; lastKnownFileType = sourcecode.swift; path = TrackerListHostPaths.swift; sourceTree = "<group>"; };
		AFD55581203DC75600292136 /* TrackerListHosts.swift */ = {isa = PBXFileReference; fileEncoding = 4; lastKnownFileType = sourcecode.swift; path = TrackerListHosts.swift; sourceTree = "<group>"; };
		AFD55582203DC75600292136 /* TrackerListPath.swift */ = {isa = PBXFileReference; fileEncoding = 4; lastKnownFileType = sourcecode.swift; path = TrackerListPath.swift; sourceTree = "<group>"; };
		AFD5559020406D1800292136 /* DomainBlacklist.swift */ = {isa = PBXFileReference; lastKnownFileType = sourcecode.swift; path = DomainBlacklist.swift; sourceTree = "<group>"; };
		AFF248A0203C25EE0008BFAF /* script.js */ = {isa = PBXFileReference; fileEncoding = 4; lastKnownFileType = sourcecode.javascript; path = script.js; sourceTree = "<group>"; };
		AFF248AA203C28860008BFAF /* ghostery_content_blocker.json */ = {isa = PBXFileReference; fileEncoding = 4; lastKnownFileType = text.json; path = ghostery_content_blocker.json; sourceTree = "<group>"; };
		D775863DC09CAA8FBDEBC6FD /* Pods-BrowserCore.release.xcconfig */ = {isa = PBXFileReference; includeInIndex = 1; lastKnownFileType = text.xcconfig; name = "Pods-BrowserCore.release.xcconfig"; path = "Pods/Target Support Files/Pods-BrowserCore/Pods-BrowserCore.release.xcconfig"; sourceTree = "<group>"; };
/* End PBXFileReference section */

/* Begin PBXFrameworksBuildPhase section */
		AF8986251FFF795200B372E0 /* Frameworks */ = {
			isa = PBXFrameworksBuildPhase;
			buildActionMask = 2147483647;
			files = (
				7A8ABF340FD8306A06AED188 /* Pods_BrowserCore.framework in Frameworks */,
			);
			runOnlyForDeploymentPostprocessing = 0;
		};
/* End PBXFrameworksBuildPhase section */

/* Begin PBXGroup section */
		21E9F33462C0844AED13CAC8 /* Frameworks */ = {
			isa = PBXGroup;
			children = (
				0E0FF73EECB19908560E1A42 /* Pods_BrowserCore.framework */,
			);
			name = Frameworks;
			sourceTree = "<group>";
		};
		2D13FFC218756E78B16E342E /* Pods */ = {
			isa = PBXGroup;
			children = (
				2DE80264CC9DEE5838052046 /* Pods-BrowserCore.debug.xcconfig */,
				D775863DC09CAA8FBDEBC6FD /* Pods-BrowserCore.release.xcconfig */,
			);
			name = Pods;
			sourceTree = "<group>";
		};
		AF3B5C4E201A135B00EF37EA /* BubbleTableView */ = {
			isa = PBXGroup;
			children = (
				AF3B5C49201A135400EF37EA /* BubbleLeftCell.swift */,
				AF3B5C48201A135300EF37EA /* BubbleRightCell.swift */,
				AF3B5C4A201A135400EF37EA /* BubbleTableView.swift */,
			);
			path = BubbleTableView;
			sourceTree = "<group>";
		};
		AF3DC4812032E87D00F54C3C /* AdBlocker */ = {
			isa = PBXGroup;
			children = (
				AFD55579203DC72700292136 /* TrackingManagement */,
				AFF24897203C25EE0008BFAF /* Assets */,
				AF3DC4842032E95600F54C3C /* Antitracking.swift */,
				AFB456C2205FE82D00449D36 /* URLInterceptor.swift */,
				AFD5559020406D1800292136 /* DomainBlacklist.swift */,
				AFB456C4205FE87B00449D36 /* GhosteryBlockListHelper.swift */,
				AFB456C6205FE8A800449D36 /* ContentBlockerHelper.swift */,
			);
			path = AdBlocker;
			sourceTree = "<group>";
		};
		AF4D8DD1200F60E800A6D40B /* UIWebView */ = {
			isa = PBXGroup;
			children = (
				AF89863D1FFF7A5900B372E0 /* WebView.swift */,
				AF0A3F3C2003A16D005D6321 /* WebViewBackForwardList.swift */,
			);
			path = UIWebView;
			sourceTree = "<group>";
		};
		AF4D8DD5200F653600A6D40B /* WKWebView */ = {
			isa = PBXGroup;
			children = (
				AF4D8DD3200F612000A6D40B /* CustomWKWebView.swift */,
				AF4D8DD6200F89E300A6D40B /* WebViewHistory.swift */,
			);
			path = WKWebView;
			sourceTree = "<group>";
		};
		AF89861F1FFF795200B372E0 = {
			isa = PBXGroup;
			children = (
				AF3B5C4E201A135B00EF37EA /* BubbleTableView */,
				AF89862A1FFF795200B372E0 /* BrowserCore */,
				AF89862F1FFF795200B372E0 /* Main.storyboard */,
				AF8986341FFF795200B372E0 /* LaunchScreen.storyboard */,
				AF8986321FFF795200B372E0 /* Assets.xcassets */,
				AFA47D7C2018A0BF004BB9DB /* Info.plist */,
				AF8986291FFF795200B372E0 /* Products */,
				2D13FFC218756E78B16E342E /* Pods */,
				21E9F33462C0844AED13CAC8 /* Frameworks */,
			);
			sourceTree = "<group>";
		};
		AF8986291FFF795200B372E0 /* Products */ = {
			isa = PBXGroup;
			children = (
				AF8986281FFF795200B372E0 /* BrowserCore.app */,
			);
			name = Products;
			sourceTree = "<group>";
		};
		AF89862A1FFF795200B372E0 /* BrowserCore */ = {
			isa = PBXGroup;
			children = (
				AF3DC4812032E87D00F54C3C /* AdBlocker */,
				AF89862B1FFF795200B372E0 /* AppDelegate.swift */,
				AF89862D1FFF795200B372E0 /* ViewController.swift */,
				AFA47D782018909E004BB9DB /* Web UI */,
				AFA47D79201890B7004BB9DB /* Util UI */,
				AF37010C2017837900798D69 /* TabManager.swift */,
				AF4D8DD5200F653600A6D40B /* WKWebView */,
				AF4D8DD1200F60E800A6D40B /* UIWebView */,
				AFA47D7620189075004BB9DB /* History */,
				AFA47D7720189081004BB9DB /* Utils */,
				AFA476CC203C564500EBFBD3 /* Test.m */,
				AFA476CB203C564500EBFBD3 /* BrowserCore-Bridging-Header.h */,
			);
			path = BrowserCore;
			sourceTree = "<group>";
		};
		AFA47D7620189075004BB9DB /* History */ = {
			isa = PBXGroup;
			children = (
				AFB65FF8200CAD4C00D40ABB /* GeneralHistoryModule.swift */,
				AFB65FFA200CAEA900D40ABB /* RealmStore.swift */,
			);
			path = History;
			sourceTree = "<group>";
		};
		AFA47D7720189081004BB9DB /* Utils */ = {
			isa = PBXGroup;
			children = (
				AF8986411FFF7F5400B372E0 /* StateAnimator.swift */,
				AF3B5C53201A254C00EF37EA /* URIFixup.swift */,
			);
			path = Utils;
			sourceTree = "<group>";
		};
		AFA47D782018909E004BB9DB /* Web UI */ = {
			isa = PBXGroup;
			children = (
				AF89863F1FFF7ED500B372E0 /* URLBar.swift */,
				AF00F20F20064F0B001C070D /* CIToolBar.swift */,
				AFA47D7420188BC2004BB9DB /* WebViewContainer.swift */,
			);
			path = "Web UI";
			sourceTree = "<group>";
		};
		AFA47D79201890B7004BB9DB /* Util UI */ = {
			isa = PBXGroup;
			children = (
				AFB65FFC200CBDC000D40ABB /* HistoryController.swift */,
				AFA47D7A20189EA4004BB9DB /* TabOverview.swift */,
				AFB456C0205FCC2000449D36 /* TrackersController.swift */,
			);
			path = "Util UI";
			sourceTree = "<group>";
		};
		AFD55579203DC72700292136 /* TrackingManagement */ = {
			isa = PBXGroup;
			children = (
				AFD5557A203DC75500292136 /* PageTrackersFound.swift */,
				AFD5557D203DC75500292136 /* TrackerList.swift */,
				AFD5557E203DC75500292136 /* TrackerListApp.swift */,
				AFD5557F203DC75600292136 /* TrackerListBug.swift */,
				AFD55580203DC75600292136 /* TrackerListHostPaths.swift */,
				AFD55581203DC75600292136 /* TrackerListHosts.swift */,
				AFD55582203DC75600292136 /* TrackerListPath.swift */,
				AFD5557B203DC75500292136 /* TrackerListRegex.swift */,
				AFD5557C203DC75500292136 /* TrieNode.swift */,
				AFB456C8205FEE0F00449D36 /* UserPreferences.swift */,
				AFB456CA205FF41400449D36 /* TrackerStore.swift */,
			);
			path = TrackingManagement;
			sourceTree = "<group>";
		};
		AFF24897203C25EE0008BFAF /* Assets */ = {
			isa = PBXGroup;
			children = (
				AFB456BE205FBF8700449D36 /* ghostery_content_blocker_split.json */,
				AF21C06E205A80C200CE43DF /* filter1_1.json */,
				AF21C06C205A7F1900CE43DF /* data.json */,
				AF21C06A205A7E3800CE43DF /* converted_rules.json */,
				AFF248AA203C28860008BFAF /* ghostery_content_blocker.json */,
				AFD55571203DB1BC00292136 /* postload.js */,
				AFD55570203DB1BC00292136 /* preload.js */,
				AFF248A0203C25EE0008BFAF /* script.js */,
			);
			path = Assets;
			sourceTree = "<group>";
		};
/* End PBXGroup section */

/* Begin PBXNativeTarget section */
		AF8986271FFF795200B372E0 /* BrowserCore */ = {
			isa = PBXNativeTarget;
			buildConfigurationList = AF89863A1FFF795200B372E0 /* Build configuration list for PBXNativeTarget "BrowserCore" */;
			buildPhases = (
				7F01D0A74851D4C01AA60FDD /* [CP] Check Pods Manifest.lock */,
				AF8986241FFF795200B372E0 /* Sources */,
				AF8986251FFF795200B372E0 /* Frameworks */,
				AF8986261FFF795200B372E0 /* Resources */,
				DC71FE7220F478A0D4663EBD /* [CP] Embed Pods Frameworks */,
				5854B17DD484C77244F64AB2 /* [CP] Copy Pods Resources */,
			);
			buildRules = (
			);
			dependencies = (
			);
			name = BrowserCore;
			productName = BrowserCore;
			productReference = AF8986281FFF795200B372E0 /* BrowserCore.app */;
			productType = "com.apple.product-type.application";
		};
/* End PBXNativeTarget section */

/* Begin PBXProject section */
		AF8986201FFF795200B372E0 /* Project object */ = {
			isa = PBXProject;
			attributes = {
				LastSwiftUpdateCheck = 0900;
				LastUpgradeCheck = 0900;
				ORGANIZATIONNAME = "Tim Palade";
				TargetAttributes = {
					AF8986271FFF795200B372E0 = {
						CreatedOnToolsVersion = 9.0;
						LastSwiftMigration = 0910;
						ProvisioningStyle = Automatic;
					};
				};
			};
			buildConfigurationList = AF8986231FFF795200B372E0 /* Build configuration list for PBXProject "BrowserCore" */;
			compatibilityVersion = "Xcode 8.0";
			developmentRegion = en;
			hasScannedForEncodings = 0;
			knownRegions = (
				en,
				Base,
			);
			mainGroup = AF89861F1FFF795200B372E0;
			productRefGroup = AF8986291FFF795200B372E0 /* Products */;
			projectDirPath = "";
			projectRoot = "";
			targets = (
				AF8986271FFF795200B372E0 /* BrowserCore */,
			);
		};
/* End PBXProject section */

/* Begin PBXResourcesBuildPhase section */
		AF8986261FFF795200B372E0 /* Resources */ = {
			isa = PBXResourcesBuildPhase;
			buildActionMask = 2147483647;
			files = (
				AFA47D7D2018A0BF004BB9DB /* Info.plist in Resources */,
				AF8986361FFF795200B372E0 /* LaunchScreen.storyboard in Resources */,
				AFF248AB203C28860008BFAF /* ghostery_content_blocker.json in Resources */,
				AF21C06D205A7F1900CE43DF /* data.json in Resources */,
				AF8986331FFF795200B372E0 /* Assets.xcassets in Resources */,
				AFD55572203DB1BC00292136 /* preload.js in Resources */,
				AFD55573203DB1BC00292136 /* postload.js in Resources */,
				AF21C06F205A80C200CE43DF /* filter1_1.json in Resources */,
				AFF248A9203C25EE0008BFAF /* script.js in Resources */,
				AF21C06B205A7E3900CE43DF /* converted_rules.json in Resources */,
				AFB456BF205FBF8700449D36 /* ghostery_content_blocker_split.json in Resources */,
				AF8986311FFF795200B372E0 /* Main.storyboard in Resources */,
			);
			runOnlyForDeploymentPostprocessing = 0;
		};
/* End PBXResourcesBuildPhase section */

/* Begin PBXShellScriptBuildPhase section */
		5854B17DD484C77244F64AB2 /* [CP] Copy Pods Resources */ = {
			isa = PBXShellScriptBuildPhase;
			buildActionMask = 2147483647;
			files = (
			);
			inputPaths = (
			);
			name = "[CP] Copy Pods Resources";
			outputPaths = (
			);
			runOnlyForDeploymentPostprocessing = 0;
			shellPath = /bin/sh;
			shellScript = "\"${SRCROOT}/Pods/Target Support Files/Pods-BrowserCore/Pods-BrowserCore-resources.sh\"\n";
			showEnvVarsInLog = 0;
		};
		7F01D0A74851D4C01AA60FDD /* [CP] Check Pods Manifest.lock */ = {
			isa = PBXShellScriptBuildPhase;
			buildActionMask = 2147483647;
			files = (
			);
			inputPaths = (
			);
			name = "[CP] Check Pods Manifest.lock";
			outputPaths = (
			);
			runOnlyForDeploymentPostprocessing = 0;
			shellPath = /bin/sh;
			shellScript = "diff \"${PODS_ROOT}/../Podfile.lock\" \"${PODS_ROOT}/Manifest.lock\" > /dev/null\nif [ $? != 0 ] ; then\n    # print error to STDERR\n    echo \"error: The sandbox is not in sync with the Podfile.lock. Run 'pod install' or update your CocoaPods installation.\" >&2\n    exit 1\nfi\n";
			showEnvVarsInLog = 0;
		};
		DC71FE7220F478A0D4663EBD /* [CP] Embed Pods Frameworks */ = {
			isa = PBXShellScriptBuildPhase;
			buildActionMask = 2147483647;
			files = (
			);
			inputPaths = (
			);
			name = "[CP] Embed Pods Frameworks";
			outputPaths = (
			);
			runOnlyForDeploymentPostprocessing = 0;
			shellPath = /bin/sh;
			shellScript = "\"${SRCROOT}/Pods/Target Support Files/Pods-BrowserCore/Pods-BrowserCore-frameworks.sh\"\n";
			showEnvVarsInLog = 0;
		};
/* End PBXShellScriptBuildPhase section */

/* Begin PBXSourcesBuildPhase section */
		AF8986241FFF795200B372E0 /* Sources */ = {
			isa = PBXSourcesBuildPhase;
			buildActionMask = 2147483647;
			files = (
				AFB456CB205FF41400449D36 /* TrackerStore.swift in Sources */,
				AF3B5C4C201A135400EF37EA /* BubbleLeftCell.swift in Sources */,
				AFA476CD203C564500EBFBD3 /* Test.m in Sources */,
				AFD55587203DC75600292136 /* TrackerListApp.swift in Sources */,
				AFB65FFD200CBDC000D40ABB /* HistoryController.swift in Sources */,
				AFD55588203DC75600292136 /* TrackerListBug.swift in Sources */,
				AFA47D7520188BC2004BB9DB /* WebViewContainer.swift in Sources */,
				AFB456C1205FCC2000449D36 /* TrackersController.swift in Sources */,
				AF3B5C4B201A135400EF37EA /* BubbleRightCell.swift in Sources */,
				AF0A3F3D2003A16D005D6321 /* WebViewBackForwardList.swift in Sources */,
				AF4D8DD7200F89E300A6D40B /* WebViewHistory.swift in Sources */,
				AF37010D2017837900798D69 /* TabManager.swift in Sources */,
				AF4D8DD4200F612000A6D40B /* CustomWKWebView.swift in Sources */,
				AFB456C5205FE87B00449D36 /* GhosteryBlockListHelper.swift in Sources */,
				AFB456C9205FEE0F00449D36 /* UserPreferences.swift in Sources */,
				AFB456C3205FE82D00449D36 /* URLInterceptor.swift in Sources */,
				AF00F21020064F0B001C070D /* CIToolBar.swift in Sources */,
				AFD55583203DC75600292136 /* PageTrackersFound.swift in Sources */,
				AF3B5C54201A254C00EF37EA /* URIFixup.swift in Sources */,
				AFD55584203DC75600292136 /* TrackerListRegex.swift in Sources */,
				AFD5558A203DC75600292136 /* TrackerListHosts.swift in Sources */,
				AFD55589203DC75600292136 /* TrackerListHostPaths.swift in Sources */,
				AF8986421FFF7F5400B372E0 /* StateAnimator.swift in Sources */,
				AFD55586203DC75600292136 /* TrackerList.swift in Sources */,
				AFB65FF9200CAD4C00D40ABB /* GeneralHistoryModule.swift in Sources */,
				AF89862E1FFF795200B372E0 /* ViewController.swift in Sources */,
				AFA47D7B20189EA4004BB9DB /* TabOverview.swift in Sources */,
				AFB65FFB200CAEA900D40ABB /* RealmStore.swift in Sources */,
				AF89862C1FFF795200B372E0 /* AppDelegate.swift in Sources */,
				AFD55585203DC75600292136 /* TrieNode.swift in Sources */,
				AF89863E1FFF7A5900B372E0 /* WebView.swift in Sources */,
				AF3B5C4D201A135400EF37EA /* BubbleTableView.swift in Sources */,
				AFB456C7205FE8A800449D36 /* ContentBlockerHelper.swift in Sources */,
				AFD5558B203DC75600292136 /* TrackerListPath.swift in Sources */,
				AF3DC4852032E95600F54C3C /* Antitracking.swift in Sources */,
				AFD5559120406D1800292136 /* DomainBlacklist.swift in Sources */,
				AF8986401FFF7ED500B372E0 /* URLBar.swift in Sources */,
			);
			runOnlyForDeploymentPostprocessing = 0;
		};
/* End PBXSourcesBuildPhase section */

/* Begin PBXVariantGroup section */
		AF89862F1FFF795200B372E0 /* Main.storyboard */ = {
			isa = PBXVariantGroup;
			children = (
				AF8986301FFF795200B372E0 /* Base */,
			);
			name = Main.storyboard;
			sourceTree = "<group>";
		};
		AF8986341FFF795200B372E0 /* LaunchScreen.storyboard */ = {
			isa = PBXVariantGroup;
			children = (
				AF8986351FFF795200B372E0 /* Base */,
			);
			name = LaunchScreen.storyboard;
			sourceTree = "<group>";
		};
/* End PBXVariantGroup section */

/* Begin XCBuildConfiguration section */
		AF8986381FFF795200B372E0 /* Debug */ = {
			isa = XCBuildConfiguration;
			buildSettings = {
				ALWAYS_SEARCH_USER_PATHS = NO;
				CLANG_ANALYZER_NONNULL = YES;
				CLANG_ANALYZER_NUMBER_OBJECT_CONVERSION = YES_AGGRESSIVE;
				CLANG_CXX_LANGUAGE_STANDARD = "gnu++14";
				CLANG_CXX_LIBRARY = "libc++";
				CLANG_ENABLE_MODULES = YES;
				CLANG_ENABLE_OBJC_ARC = YES;
				CLANG_WARN_BLOCK_CAPTURE_AUTORELEASING = YES;
				CLANG_WARN_BOOL_CONVERSION = YES;
				CLANG_WARN_COMMA = YES;
				CLANG_WARN_CONSTANT_CONVERSION = YES;
				CLANG_WARN_DIRECT_OBJC_ISA_USAGE = YES_ERROR;
				CLANG_WARN_DOCUMENTATION_COMMENTS = YES;
				CLANG_WARN_EMPTY_BODY = YES;
				CLANG_WARN_ENUM_CONVERSION = YES;
				CLANG_WARN_INFINITE_RECURSION = YES;
				CLANG_WARN_INT_CONVERSION = YES;
				CLANG_WARN_NON_LITERAL_NULL_CONVERSION = YES;
				CLANG_WARN_OBJC_LITERAL_CONVERSION = YES;
				CLANG_WARN_OBJC_ROOT_CLASS = YES_ERROR;
				CLANG_WARN_RANGE_LOOP_ANALYSIS = YES;
				CLANG_WARN_STRICT_PROTOTYPES = YES;
				CLANG_WARN_SUSPICIOUS_MOVE = YES;
				CLANG_WARN_UNGUARDED_AVAILABILITY = YES_AGGRESSIVE;
				CLANG_WARN_UNREACHABLE_CODE = YES;
				CLANG_WARN__DUPLICATE_METHOD_MATCH = YES;
				CODE_SIGN_IDENTITY = "iPhone Developer";
				COPY_PHASE_STRIP = NO;
				DEBUG_INFORMATION_FORMAT = dwarf;
				ENABLE_STRICT_OBJC_MSGSEND = YES;
				ENABLE_TESTABILITY = YES;
				GCC_C_LANGUAGE_STANDARD = gnu11;
				GCC_DYNAMIC_NO_PIC = NO;
				GCC_NO_COMMON_BLOCKS = YES;
				GCC_OPTIMIZATION_LEVEL = 0;
				GCC_PREPROCESSOR_DEFINITIONS = (
					"DEBUG=1",
					"$(inherited)",
				);
				GCC_WARN_64_TO_32_BIT_CONVERSION = YES;
				GCC_WARN_ABOUT_RETURN_TYPE = YES_ERROR;
				GCC_WARN_UNDECLARED_SELECTOR = YES;
				GCC_WARN_UNINITIALIZED_AUTOS = YES_AGGRESSIVE;
				GCC_WARN_UNUSED_FUNCTION = YES;
				GCC_WARN_UNUSED_VARIABLE = YES;
				IPHONEOS_DEPLOYMENT_TARGET = 11.0;
				MTL_ENABLE_DEBUG_INFO = YES;
				ONLY_ACTIVE_ARCH = YES;
				SDKROOT = iphoneos;
				SWIFT_ACTIVE_COMPILATION_CONDITIONS = DEBUG;
				SWIFT_OPTIMIZATION_LEVEL = "-Onone";
			};
			name = Debug;
		};
		AF8986391FFF795200B372E0 /* Release */ = {
			isa = XCBuildConfiguration;
			buildSettings = {
				ALWAYS_SEARCH_USER_PATHS = NO;
				CLANG_ANALYZER_NONNULL = YES;
				CLANG_ANALYZER_NUMBER_OBJECT_CONVERSION = YES_AGGRESSIVE;
				CLANG_CXX_LANGUAGE_STANDARD = "gnu++14";
				CLANG_CXX_LIBRARY = "libc++";
				CLANG_ENABLE_MODULES = YES;
				CLANG_ENABLE_OBJC_ARC = YES;
				CLANG_WARN_BLOCK_CAPTURE_AUTORELEASING = YES;
				CLANG_WARN_BOOL_CONVERSION = YES;
				CLANG_WARN_COMMA = YES;
				CLANG_WARN_CONSTANT_CONVERSION = YES;
				CLANG_WARN_DIRECT_OBJC_ISA_USAGE = YES_ERROR;
				CLANG_WARN_DOCUMENTATION_COMMENTS = YES;
				CLANG_WARN_EMPTY_BODY = YES;
				CLANG_WARN_ENUM_CONVERSION = YES;
				CLANG_WARN_INFINITE_RECURSION = YES;
				CLANG_WARN_INT_CONVERSION = YES;
				CLANG_WARN_NON_LITERAL_NULL_CONVERSION = YES;
				CLANG_WARN_OBJC_LITERAL_CONVERSION = YES;
				CLANG_WARN_OBJC_ROOT_CLASS = YES_ERROR;
				CLANG_WARN_RANGE_LOOP_ANALYSIS = YES;
				CLANG_WARN_STRICT_PROTOTYPES = YES;
				CLANG_WARN_SUSPICIOUS_MOVE = YES;
				CLANG_WARN_UNGUARDED_AVAILABILITY = YES_AGGRESSIVE;
				CLANG_WARN_UNREACHABLE_CODE = YES;
				CLANG_WARN__DUPLICATE_METHOD_MATCH = YES;
				CODE_SIGN_IDENTITY = "iPhone Developer";
				COPY_PHASE_STRIP = NO;
				DEBUG_INFORMATION_FORMAT = "dwarf-with-dsym";
				ENABLE_NS_ASSERTIONS = NO;
				ENABLE_STRICT_OBJC_MSGSEND = YES;
				GCC_C_LANGUAGE_STANDARD = gnu11;
				GCC_NO_COMMON_BLOCKS = YES;
				GCC_WARN_64_TO_32_BIT_CONVERSION = YES;
				GCC_WARN_ABOUT_RETURN_TYPE = YES_ERROR;
				GCC_WARN_UNDECLARED_SELECTOR = YES;
				GCC_WARN_UNINITIALIZED_AUTOS = YES_AGGRESSIVE;
				GCC_WARN_UNUSED_FUNCTION = YES;
				GCC_WARN_UNUSED_VARIABLE = YES;
				IPHONEOS_DEPLOYMENT_TARGET = 11.0;
				MTL_ENABLE_DEBUG_INFO = NO;
				SDKROOT = iphoneos;
				SWIFT_OPTIMIZATION_LEVEL = "-Owholemodule";
				VALIDATE_PRODUCT = YES;
			};
			name = Release;
		};
		AF89863B1FFF795200B372E0 /* Debug */ = {
			isa = XCBuildConfiguration;
			baseConfigurationReference = 2DE80264CC9DEE5838052046 /* Pods-BrowserCore.debug.xcconfig */;
			buildSettings = {
				ASSETCATALOG_COMPILER_APPICON_NAME = AppIcon;
				CLANG_ENABLE_MODULES = YES;
				CODE_SIGN_STYLE = Automatic;
				DEVELOPMENT_TEAM = 2UYYSSHVUH;
				INFOPLIST_FILE = Info.plist;
				IPHONEOS_DEPLOYMENT_TARGET = 11.0;
				LD_RUNPATH_SEARCH_PATHS = "$(inherited) @executable_path/Frameworks";
				PRODUCT_BUNDLE_IDENTIFIER = com.tim.BrowserCore;
				PRODUCT_NAME = "$(TARGET_NAME)";
				SWIFT_ACTIVE_COMPILATION_CONDITIONS = DEBUG;
				SWIFT_OBJC_BRIDGING_HEADER = "BrowserCore/BrowserCore-Bridging-Header.h";
				SWIFT_OPTIMIZATION_LEVEL = "-Onone";
				SWIFT_VERSION = 4.0;
				TARGETED_DEVICE_FAMILY = "1,2";
			};
			name = Debug;
		};
		AF89863C1FFF795200B372E0 /* Release */ = {
			isa = XCBuildConfiguration;
			baseConfigurationReference = D775863DC09CAA8FBDEBC6FD /* Pods-BrowserCore.release.xcconfig */;
			buildSettings = {
				ASSETCATALOG_COMPILER_APPICON_NAME = AppIcon;
				CLANG_ENABLE_MODULES = YES;
				CODE_SIGN_STYLE = Automatic;
				DEVELOPMENT_TEAM = 2UYYSSHVUH;
				INFOPLIST_FILE = Info.plist;
				IPHONEOS_DEPLOYMENT_TARGET = 11.0;
				LD_RUNPATH_SEARCH_PATHS = "$(inherited) @executable_path/Frameworks";
				PRODUCT_BUNDLE_IDENTIFIER = com.tim.BrowserCore;
				PRODUCT_NAME = "$(TARGET_NAME)";
				SWIFT_OBJC_BRIDGING_HEADER = "BrowserCore/BrowserCore-Bridging-Header.h";
				SWIFT_VERSION = 4.0;
				TARGETED_DEVICE_FAMILY = "1,2";
			};
			name = Release;
		};
/* End XCBuildConfiguration section */

/* Begin XCConfigurationList section */
		AF8986231FFF795200B372E0 /* Build configuration list for PBXProject "BrowserCore" */ = {
			isa = XCConfigurationList;
			buildConfigurations = (
				AF8986381FFF795200B372E0 /* Debug */,
				AF8986391FFF795200B372E0 /* Release */,
			);
			defaultConfigurationIsVisible = 0;
			defaultConfigurationName = Release;
		};
		AF89863A1FFF795200B372E0 /* Build configuration list for PBXNativeTarget "BrowserCore" */ = {
			isa = XCConfigurationList;
			buildConfigurations = (
				AF89863B1FFF795200B372E0 /* Debug */,
				AF89863C1FFF795200B372E0 /* Release */,
			);
			defaultConfigurationIsVisible = 0;
			defaultConfigurationName = Release;
		};
/* End XCConfigurationList section */
	};
	rootObject = AF8986201FFF795200B372E0 /* Project object */;
}
